// !$*UTF8*$!
{
	archiveVersion = 1;
	classes = {
	};
	objectVersion = 46;
	objects = {

/* Begin PBXBuildFile section */
		1711AAB91C7198D50083B147 /* TwitterClient.swift in Sources */ = {isa = PBXBuildFile; fileRef = 1711AAB81C7198D50083B147 /* TwitterClient.swift */; };
		178011601C7196E300E0CF1C /* AppDelegate.swift in Sources */ = {isa = PBXBuildFile; fileRef = 1780115F1C7196E300E0CF1C /* AppDelegate.swift */; };
		178011621C7196E300E0CF1C /* ViewController.swift in Sources */ = {isa = PBXBuildFile; fileRef = 178011611C7196E300E0CF1C /* ViewController.swift */; };
		178011651C7196E300E0CF1C /* Main.storyboard in Resources */ = {isa = PBXBuildFile; fileRef = 178011631C7196E300E0CF1C /* Main.storyboard */; };
		178011671C7196E300E0CF1C /* Assets.xcassets in Resources */ = {isa = PBXBuildFile; fileRef = 178011661C7196E300E0CF1C /* Assets.xcassets */; };
		1780116A1C7196E300E0CF1C /* LaunchScreen.storyboard in Resources */ = {isa = PBXBuildFile; fileRef = 178011681C7196E300E0CF1C /* LaunchScreen.storyboard */; };
		79A64D160DA48262E12111C8 /* Pods_Twitter.framework in Frameworks */ = {isa = PBXBuildFile; fileRef = D38ABAF06899B58E0EDD23CF /* Pods_Twitter.framework */; };
/* End PBXBuildFile section */

/* Begin PBXFileReference section */
		1711AAB81C7198D50083B147 /* TwitterClient.swift */ = {isa = PBXFileReference; fileEncoding = 4; lastKnownFileType = sourcecode.swift; path = TwitterClient.swift; sourceTree = "<group>"; };
		1780115C1C7196E300E0CF1C /* Twitter.app */ = {isa = PBXFileReference; explicitFileType = wrapper.application; includeInIndex = 0; path = Twitter.app; sourceTree = BUILT_PRODUCTS_DIR; };
		1780115F1C7196E300E0CF1C /* AppDelegate.swift */ = {isa = PBXFileReference; lastKnownFileType = sourcecode.swift; path = AppDelegate.swift; sourceTree = "<group>"; };
		178011611C7196E300E0CF1C /* ViewController.swift */ = {isa = PBXFileReference; lastKnownFileType = sourcecode.swift; path = ViewController.swift; sourceTree = "<group>"; };
		178011641C7196E300E0CF1C /* Base */ = {isa = PBXFileReference; lastKnownFileType = file.storyboard; name = Base; path = Base.lproj/Main.storyboard; sourceTree = "<group>"; };
		178011661C7196E300E0CF1C /* Assets.xcassets */ = {isa = PBXFileReference; lastKnownFileType = folder.assetcatalog; path = Assets.xcassets; sourceTree = "<group>"; };
		178011691C7196E300E0CF1C /* Base */ = {isa = PBXFileReference; lastKnownFileType = file.storyboard; name = Base; path = Base.lproj/LaunchScreen.storyboard; sourceTree = "<group>"; };
		1780116B1C7196E300E0CF1C /* Info.plist */ = {isa = PBXFileReference; lastKnownFileType = text.plist.xml; path = Info.plist; sourceTree = "<group>"; };
		93E66BE3A619D65672818295 /* Pods-Twitter.release.xcconfig */ = {isa = PBXFileReference; includeInIndex = 1; lastKnownFileType = text.xcconfig; name = "Pods-Twitter.release.xcconfig"; path = "Pods/Target Support Files/Pods-Twitter/Pods-Twitter.release.xcconfig"; sourceTree = "<group>"; };
		D38ABAF06899B58E0EDD23CF /* Pods_Twitter.framework */ = {isa = PBXFileReference; explicitFileType = wrapper.framework; includeInIndex = 0; path = Pods_Twitter.framework; sourceTree = BUILT_PRODUCTS_DIR; };
		F2652F2B3FE329020AA2A0BA /* Pods-Twitter.debug.xcconfig */ = {isa = PBXFileReference; includeInIndex = 1; lastKnownFileType = text.xcconfig; name = "Pods-Twitter.debug.xcconfig"; path = "Pods/Target Support Files/Pods-Twitter/Pods-Twitter.debug.xcconfig"; sourceTree = "<group>"; };
/* End PBXFileReference section */

/* Begin PBXFrameworksBuildPhase section */
		178011591C7196E300E0CF1C /* Frameworks */ = {
			isa = PBXFrameworksBuildPhase;
			buildActionMask = 2147483647;
			files = (
				79A64D160DA48262E12111C8 /* Pods_Twitter.framework in Frameworks */,
			);
			runOnlyForDeploymentPostprocessing = 0;
		};
/* End PBXFrameworksBuildPhase section */

/* Begin PBXGroup section */
		1711AAB71C7198910083B147 /* API */ = {
			isa = PBXGroup;
			children = (
				1711AAB81C7198D50083B147 /* TwitterClient.swift */,
			);
			name = API;
			sourceTree = "<group>";
		};
		178011531C7196E300E0CF1C = {
			isa = PBXGroup;
			children = (
				1780115E1C7196E300E0CF1C /* Twitter */,
				1780115D1C7196E300E0CF1C /* Products */,
				6BFD3673EC45C5CCB4F797D3 /* Pods */,
				4244355F23919C0F70698091 /* Frameworks */,
			);
			sourceTree = "<group>";
		};
		1780115D1C7196E300E0CF1C /* Products */ = {
			isa = PBXGroup;
			children = (
				1780115C1C7196E300E0CF1C /* Twitter.app */,
			);
			name = Products;
			sourceTree = "<group>";
		};
		1780115E1C7196E300E0CF1C /* Twitter */ = {
			isa = PBXGroup;
			children = (
				1711AAB71C7198910083B147 /* API */,
				1780115F1C7196E300E0CF1C /* AppDelegate.swift */,
				178011611C7196E300E0CF1C /* ViewController.swift */,
				178011631C7196E300E0CF1C /* Main.storyboard */,
				178011661C7196E300E0CF1C /* Assets.xcassets */,
				178011681C7196E300E0CF1C /* LaunchScreen.storyboard */,
				1780116B1C7196E300E0CF1C /* Info.plist */,
			);
			path = Twitter;
			sourceTree = "<group>";
		};
		4244355F23919C0F70698091 /* Frameworks */ = {
			isa = PBXGroup;
			children = (
				D38ABAF06899B58E0EDD23CF /* Pods_Twitter.framework */,
			);
			name = Frameworks;
			sourceTree = "<group>";
		};
		6BFD3673EC45C5CCB4F797D3 /* Pods */ = {
			isa = PBXGroup;
			children = (
				F2652F2B3FE329020AA2A0BA /* Pods-Twitter.debug.xcconfig */,
				93E66BE3A619D65672818295 /* Pods-Twitter.release.xcconfig */,
			);
			name = Pods;
			sourceTree = "<group>";
		};
/* End PBXGroup section */

/* Begin PBXNativeTarget section */
		1780115B1C7196E300E0CF1C /* Twitter */ = {
			isa = PBXNativeTarget;
			buildConfigurationList = 1780116E1C7196E300E0CF1C /* Build configuration list for PBXNativeTarget "Twitter" */;
			buildPhases = (
				DB0FFB79B3C26AC3B7835784 /* Check Pods Manifest.lock */,
				178011581C7196E300E0CF1C /* Sources */,
				178011591C7196E300E0CF1C /* Frameworks */,
				1780115A1C7196E300E0CF1C /* Resources */,
				533D08AF5C086997428740C7 /* Embed Pods Frameworks */,
				C7D1C253051A20CD9C0B7ABB /* Copy Pods Resources */,
			);
			buildRules = (
			);
			dependencies = (
			);
			name = Twitter;
			productName = Twitter;
			productReference = 1780115C1C7196E300E0CF1C /* Twitter.app */;
			productType = "com.apple.product-type.application";
		};
/* End PBXNativeTarget section */

/* Begin PBXProject section */
		178011541C7196E300E0CF1C /* Project object */ = {
			isa = PBXProject;
			attributes = {
				LastSwiftUpdateCheck = 0720;
				LastUpgradeCheck = 0720;
				ORGANIZATIONNAME = "Neal Patel";
				TargetAttributes = {
					1780115B1C7196E300E0CF1C = {
						CreatedOnToolsVersion = 7.2.1;
						DevelopmentTeam = 656N9RD9VG;
					};
				};
			};
			buildConfigurationList = 178011571C7196E300E0CF1C /* Build configuration list for PBXProject "Twitter" */;
			compatibilityVersion = "Xcode 3.2";
			developmentRegion = English;
			hasScannedForEncodings = 0;
			knownRegions = (
				en,
				Base,
			);
			mainGroup = 178011531C7196E300E0CF1C;
			productRefGroup = 1780115D1C7196E300E0CF1C /* Products */;
			projectDirPath = "";
			projectRoot = "";
			targets = (
				1780115B1C7196E300E0CF1C /* Twitter */,
			);
		};
/* End PBXProject section */

/* Begin PBXResourcesBuildPhase section */
		1780115A1C7196E300E0CF1C /* Resources */ = {
			isa = PBXResourcesBuildPhase;
			buildActionMask = 2147483647;
			files = (
				1780116A1C7196E300E0CF1C /* LaunchScreen.storyboard in Resources */,
				178011671C7196E300E0CF1C /* Assets.xcassets in Resources */,
				178011651C7196E300E0CF1C /* Main.storyboard in Resources */,
			);
			runOnlyForDeploymentPostprocessing = 0;
		};
/* End PBXResourcesBuildPhase section */

/* Begin PBXShellScriptBuildPhase section */
		533D08AF5C086997428740C7 /* Embed Pods Frameworks */ = {
			isa = PBXShellScriptBuildPhase;
			buildActionMask = 2147483647;
			files = (
			);
			inputPaths = (
			);
			name = "Embed Pods Frameworks";
			outputPaths = (
			);
			runOnlyForDeploymentPostprocessing = 0;
			shellPath = /bin/sh;
			shellScript = "\"${SRCROOT}/Pods/Target Support Files/Pods-Twitter/Pods-Twitter-frameworks.sh\"\n";
			showEnvVarsInLog = 0;
		};
		C7D1C253051A20CD9C0B7ABB /* Copy Pods Resources */ = {
			isa = PBXShellScriptBuildPhase;
			buildActionMask = 2147483647;
			files = (
			);
			inputPaths = (
			);
			name = "Copy Pods Resources";
			outputPaths = (
			);
			runOnlyForDeploymentPostprocessing = 0;
			shellPath = /bin/sh;
			shellScript = "\"${SRCROOT}/Pods/Target Support Files/Pods-Twitter/Pods-Twitter-resources.sh\"\n";
			showEnvVarsInLog = 0;
		};
		DB0FFB79B3C26AC3B7835784 /* Check Pods Manifest.lock */ = {
			isa = PBXShellScriptBuildPhase;
			buildActionMask = 2147483647;
			files = (
			);
			inputPaths = (
			);
			name = "Check Pods Manifest.lock";
			outputPaths = (
			);
			runOnlyForDeploymentPostprocessing = 0;
			shellPath = /bin/sh;
			shellScript = "diff \"${PODS_ROOT}/../Podfile.lock\" \"${PODS_ROOT}/Manifest.lock\" > /dev/null\nif [[ $? != 0 ]] ; then\n    cat << EOM\nerror: The sandbox is not in sync with the Podfile.lock. Run 'pod install' or update your CocoaPods installation.\nEOM\n    exit 1\nfi\n";
			showEnvVarsInLog = 0;
		};
/* End PBXShellScriptBuildPhase section */

/* Begin PBXSourcesBuildPhase section */
		178011581C7196E300E0CF1C /* Sources */ = {
			isa = PBXSourcesBuildPhase;
			buildActionMask = 2147483647;
			files = (
				178011621C7196E300E0CF1C /* ViewController.swift in Sources */,
				1711AAB91C7198D50083B147 /* TwitterClient.swift in Sources */,
				178011601C7196E300E0CF1C /* AppDelegate.swift in Sources */,
			);
			runOnlyForDeploymentPostprocessing = 0;
		};
/* End PBXSourcesBuildPhase section */

/* Begin PBXVariantGroup section */
		178011631C7196E300E0CF1C /* Main.storyboard */ = {
			isa = PBXVariantGroup;
			children = (
				178011641C7196E300E0CF1C /* Base */,
			);
			name = Main.storyboard;
			sourceTree = "<group>";
		};
		178011681C7196E300E0CF1C /* LaunchScreen.storyboard */ = {
			isa = PBXVariantGroup;
			children = (
				178011691C7196E300E0CF1C /* Base */,
			);
			name = LaunchScreen.storyboard;
			sourceTree = "<group>";
		};
/* End PBXVariantGroup section */

/* Begin XCBuildConfiguration section */
		1780116C1C7196E300E0CF1C /* Debug */ = {
			isa = XCBuildConfiguration;
			buildSettings = {
				ALWAYS_SEARCH_USER_PATHS = NO;
				CLANG_CXX_LANGUAGE_STANDARD = "gnu++0x";
				CLANG_CXX_LIBRARY = "libc++";
				CLANG_ENABLE_MODULES = YES;
				CLANG_ENABLE_OBJC_ARC = YES;
				CLANG_WARN_BOOL_CONVERSION = YES;
				CLANG_WARN_CONSTANT_CONVERSION = YES;
				CLANG_WARN_DIRECT_OBJC_ISA_USAGE = YES_ERROR;
				CLANG_WARN_EMPTY_BODY = YES;
				CLANG_WARN_ENUM_CONVERSION = YES;
				CLANG_WARN_INT_CONVERSION = YES;
				CLANG_WARN_OBJC_ROOT_CLASS = YES_ERROR;
				CLANG_WARN_UNREACHABLE_CODE = YES;
				CLANG_WARN__DUPLICATE_METHOD_MATCH = YES;
				"CODE_SIGN_IDENTITY[sdk=iphoneos*]" = "iPhone Developer";
				COPY_PHASE_STRIP = NO;
				DEBUG_INFORMATION_FORMAT = dwarf;
				ENABLE_STRICT_OBJC_MSGSEND = YES;
				ENABLE_TESTABILITY = YES;
				GCC_C_LANGUAGE_STANDARD = gnu99;
				GCC_DYNAMIC_NO_PIC = NO;
				GCC_NO_COMMON_BLOCKS = YES;
				GCC_OPTIMIZATION_LEVEL = 0;
				GCC_PREPROCESSOR_DEFINITIONS = (
					"DEBUG=1",
					"$(inherited)",
				);
				GCC_WARN_64_TO_32_BIT_CONVERSION = YES;
				GCC_WARN_ABOUT_RETURN_TYPE = YES_ERROR;
				GCC_WARN_UNDECLARED_SELECTOR = YES;
				GCC_WARN_UNINITIALIZED_AUTOS = YES_AGGRESSIVE;
				GCC_WARN_UNUSED_FUNCTION = YES;
				GCC_WARN_UNUSED_VARIABLE = YES;
				IPHONEOS_DEPLOYMENT_TARGET = 9.2;
				MTL_ENABLE_DEBUG_INFO = YES;
				ONLY_ACTIVE_ARCH = YES;
				SDKROOT = iphoneos;
				SWIFT_OPTIMIZATION_LEVEL = "-Onone";
			};
			name = Debug;
		};
		1780116D1C7196E300E0CF1C /* Release */ = {
			isa = XCBuildConfiguration;
			buildSettings = {
				ALWAYS_SEARCH_USER_PATHS = NO;
				CLANG_CXX_LANGUAGE_STANDARD = "gnu++0x";
				CLANG_CXX_LIBRARY = "libc++";
				CLANG_ENABLE_MODULES = YES;
				CLANG_ENABLE_OBJC_ARC = YES;
				CLANG_WARN_BOOL_CONVERSION = YES;
				CLANG_WARN_CONSTANT_CONVERSION = YES;
				CLANG_WARN_DIRECT_OBJC_ISA_USAGE = YES_ERROR;
				CLANG_WARN_EMPTY_BODY = YES;
				CLANG_WARN_ENUM_CONVERSION = YES;
				CLANG_WARN_INT_CONVERSION = YES;
				CLANG_WARN_OBJC_ROOT_CLASS = YES_ERROR;
				CLANG_WARN_UNREACHABLE_CODE = YES;
				CLANG_WARN__DUPLICATE_METHOD_MATCH = YES;
				"CODE_SIGN_IDENTITY[sdk=iphoneos*]" = "iPhone Developer";
				COPY_PHASE_STRIP = NO;
				DEBUG_INFORMATION_FORMAT = "dwarf-with-dsym";
				ENABLE_NS_ASSERTIONS = NO;
				ENABLE_STRICT_OBJC_MSGSEND = YES;
				GCC_C_LANGUAGE_STANDARD = gnu99;
				GCC_NO_COMMON_BLOCKS = YES;
				GCC_WARN_64_TO_32_BIT_CONVERSION = YES;
				GCC_WARN_ABOUT_RETURN_TYPE = YES_ERROR;
				GCC_WARN_UNDECLARED_SELECTOR = YES;
				GCC_WARN_UNINITIALIZED_AUTOS = YES_AGGRESSIVE;
				GCC_WARN_UNUSED_FUNCTION = YES;
				GCC_WARN_UNUSED_VARIABLE = YES;
				IPHONEOS_DEPLOYMENT_TARGET = 9.2;
				MTL_ENABLE_DEBUG_INFO = NO;
				SDKROOT = iphoneos;
				VALIDATE_PRODUCT = YES;
			};
			name = Release;
		};
		1780116F1C7196E300E0CF1C /* Debug */ = {
			isa = XCBuildConfiguration;
			baseConfigurationReference = F2652F2B3FE329020AA2A0BA /* Pods-Twitter.debug.xcconfig */;
			buildSettings = {
				ASSETCATALOG_COMPILER_APPICON_NAME = AppIcon;
				CLANG_ENABLE_MODULES = YES;
				INFOPLIST_FILE = Twitter/Info.plist;
				LD_RUNPATH_SEARCH_PATHS = "$(inherited) @executable_path/Frameworks";
				PRODUCT_BUNDLE_IDENTIFIER = projects.neal.Twitter;
				PRODUCT_NAME = "$(TARGET_NAME)";
				SWIFT_OPTIMIZATION_LEVEL = "-Onone";
			};
			name = Debug;
		};
		178011701C7196E300E0CF1C /* Release */ = {
			isa = XCBuildConfiguration;
			baseConfigurationReference = 93E66BE3A619D65672818295 /* Pods-Twitter.release.xcconfig */;
			buildSettings = {
				ASSETCATALOG_COMPILER_APPICON_NAME = AppIcon;
				CLANG_ENABLE_MODULES = YES;
				INFOPLIST_FILE = Twitter/Info.plist;
				LD_RUNPATH_SEARCH_PATHS = "$(inherited) @executable_path/Frameworks";
				PRODUCT_BUNDLE_IDENTIFIER = projects.neal.Twitter;
				PRODUCT_NAME = "$(TARGET_NAME)";
			};
			name = Release;
		};
/* End XCBuildConfiguration section */

/* Begin XCConfigurationList section */
		178011571C7196E300E0CF1C /* Build configuration list for PBXProject "Twitter" */ = {
			isa = XCConfigurationList;
			buildConfigurations = (
				1780116C1C7196E300E0CF1C /* Debug */,
				1780116D1C7196E300E0CF1C /* Release */,
			);
			defaultConfigurationIsVisible = 0;
			defaultConfigurationName = Release;
		};
		1780116E1C7196E300E0CF1C /* Build configuration list for PBXNativeTarget "Twitter" */ = {
			isa = XCConfigurationList;
			buildConfigurations = (
				1780116F1C7196E300E0CF1C /* Debug */,
				178011701C7196E300E0CF1C /* Release */,
			);
			defaultConfigurationIsVisible = 0;
			defaultConfigurationName = Release;
		};
/* End XCConfigurationList section */
	};
	rootObject = 178011541C7196E300E0CF1C /* Project object */;
}
